// !$*UTF8*$!
{
	archiveVersion = 1;
	classes = {
	};
	objectVersion = 56;
	objects = {

/* Begin PBXBuildFile section */
		B9437ADA2D13EFDB004AB443 /* ForgotPasswordView.swift in Sources */ = {isa = PBXBuildFile; fileRef = B9437AD92D13EFDB004AB443 /* ForgotPasswordView.swift */; };
		B9A762642D1BC305007EA658 /* CreateAccountView.swift in Sources */ = {isa = PBXBuildFile; fileRef = B9A762632D1BC305007EA658 /* CreateAccountView.swift */; };
		B9C23F8F2CD78A5C00254F3F /* TestApp.swift in Sources */ = {isa = PBXBuildFile; fileRef = B9C23F8E2CD78A5C00254F3F /* TestApp.swift */; };
		B9C23F912CD78A5C00254F3F /* SignInView.swift in Sources */ = {isa = PBXBuildFile; fileRef = B9C23F902CD78A5C00254F3F /* SignInView.swift */; };
		B9C23F932CD78A5E00254F3F /* Assets.xcassets in Resources */ = {isa = PBXBuildFile; fileRef = B9C23F922CD78A5E00254F3F /* Assets.xcassets */; };
		B9C23F962CD78A5E00254F3F /* Preview Assets.xcassets in Resources */ = {isa = PBXBuildFile; fileRef = B9C23F952CD78A5E00254F3F /* Preview Assets.xcassets */; };
		B9EC1DCF2D1EF6EE0037D55E /* ForgotPasswordVerificationView.swift in Sources */ = {isa = PBXBuildFile; fileRef = B9EC1DCE2D1EF6EE0037D55E /* ForgotPasswordVerificationView.swift */; };
		B9EC1DD12D1EFF230037D55E /* WelcomeView.swift in Sources */ = {isa = PBXBuildFile; fileRef = B9EC1DD02D1EFF230037D55E /* WelcomeView.swift */; };
		B9FFA5562D1C6E45005BE9E9 /* ForgotPasswordSuccessView.swift in Sources */ = {isa = PBXBuildFile; fileRef = B9FFA5552D1C6E44005BE9E9 /* ForgotPasswordSuccessView.swift */; };
/* End PBXBuildFile section */

/* Begin PBXFileReference section */
		B9437AD92D13EFDB004AB443 /* ForgotPasswordView.swift */ = {isa = PBXFileReference; lastKnownFileType = sourcecode.swift; path = ForgotPasswordView.swift; sourceTree = "<group>"; };
		B9A762632D1BC305007EA658 /* CreateAccountView.swift */ = {isa = PBXFileReference; lastKnownFileType = sourcecode.swift; path = CreateAccountView.swift; sourceTree = "<group>"; };
		B9C23F8B2CD78A5C00254F3F /* OnboardMe.app */ = {isa = PBXFileReference; explicitFileType = wrapper.application; includeInIndex = 0; path = OnboardMe.app; sourceTree = BUILT_PRODUCTS_DIR; };
		B9C23F8E2CD78A5C00254F3F /* TestApp.swift */ = {isa = PBXFileReference; lastKnownFileType = sourcecode.swift; path = TestApp.swift; sourceTree = "<group>"; };
		B9C23F902CD78A5C00254F3F /* SignInView.swift */ = {isa = PBXFileReference; lastKnownFileType = sourcecode.swift; path = SignInView.swift; sourceTree = "<group>"; };
		B9C23F922CD78A5E00254F3F /* Assets.xcassets */ = {isa = PBXFileReference; lastKnownFileType = folder.assetcatalog; path = Assets.xcassets; sourceTree = "<group>"; };
		B9C23F952CD78A5E00254F3F /* Preview Assets.xcassets */ = {isa = PBXFileReference; lastKnownFileType = folder.assetcatalog; path = "Preview Assets.xcassets"; sourceTree = "<group>"; };
		B9EC1DCE2D1EF6EE0037D55E /* ForgotPasswordVerificationView.swift */ = {isa = PBXFileReference; lastKnownFileType = sourcecode.swift; path = ForgotPasswordVerificationView.swift; sourceTree = "<group>"; };
		B9EC1DD02D1EFF230037D55E /* WelcomeView.swift */ = {isa = PBXFileReference; lastKnownFileType = sourcecode.swift; path = WelcomeView.swift; sourceTree = "<group>"; };
		B9FFA5552D1C6E44005BE9E9 /* ForgotPasswordSuccessView.swift */ = {isa = PBXFileReference; lastKnownFileType = sourcecode.swift; path = ForgotPasswordSuccessView.swift; sourceTree = "<group>"; };
/* End PBXFileReference section */

/* Begin PBXFrameworksBuildPhase section */
		B9C23F882CD78A5C00254F3F /* Frameworks */ = {
			isa = PBXFrameworksBuildPhase;
			buildActionMask = 2147483647;
			files = (
			);
			runOnlyForDeploymentPostprocessing = 0;
		};
/* End PBXFrameworksBuildPhase section */

/* Begin PBXGroup section */
		B9C23F822CD78A5C00254F3F = {
			isa = PBXGroup;
			children = (
				B9C23F8D2CD78A5C00254F3F /* Onboardme */,
				B9C23F8C2CD78A5C00254F3F /* Products */,
				B9FEFEAA2D22686B00760DCD /* Frameworks */,
			);
			sourceTree = "<group>";
		};
		B9C23F8C2CD78A5C00254F3F /* Products */ = {
			isa = PBXGroup;
			children = (
				B9C23F8B2CD78A5C00254F3F /* OnboardMe.app */,
			);
			name = Products;
			sourceTree = "<group>";
		};
		B9C23F8D2CD78A5C00254F3F /* Onboardme */ = {
			isa = PBXGroup;
			children = (
				B9C23F8E2CD78A5C00254F3F /* TestApp.swift */,
				B9EC1DD02D1EFF230037D55E /* WelcomeView.swift */,
				B9C23F902CD78A5C00254F3F /* SignInView.swift */,
				B9A762632D1BC305007EA658 /* CreateAccountView.swift */,
				B9437AD92D13EFDB004AB443 /* ForgotPasswordView.swift */,
				B9EC1DCE2D1EF6EE0037D55E /* ForgotPasswordVerificationView.swift */,
				B9FFA5552D1C6E44005BE9E9 /* ForgotPasswordSuccessView.swift */,
				B9C23F922CD78A5E00254F3F /* Assets.xcassets */,
				B9C23F942CD78A5E00254F3F /* Preview Content */,
			);
			path = Onboardme;
			sourceTree = "<group>";
		};
		B9C23F942CD78A5E00254F3F /* Preview Content */ = {
			isa = PBXGroup;
			children = (
				B9C23F952CD78A5E00254F3F /* Preview Assets.xcassets */,
			);
			path = "Preview Content";
			sourceTree = "<group>";
		};
		B9FEFEAA2D22686B00760DCD /* Frameworks */ = {
			isa = PBXGroup;
			children = (
			);
			name = Frameworks;
			sourceTree = "<group>";
		};
/* End PBXGroup section */

/* Begin PBXNativeTarget section */
		B9C23F8A2CD78A5C00254F3F /* OnboardMe */ = {
			isa = PBXNativeTarget;
			buildConfigurationList = B9C23F992CD78A5E00254F3F /* Build configuration list for PBXNativeTarget "OnboardMe" */;
			buildPhases = (
				B9C23F872CD78A5C00254F3F /* Sources */,
				B9C23F882CD78A5C00254F3F /* Frameworks */,
				B9C23F892CD78A5C00254F3F /* Resources */,
			);
			buildRules = (
			);
			dependencies = (
			);
			name = OnboardMe;
			productName = Test;
			productReference = B9C23F8B2CD78A5C00254F3F /* OnboardMe.app */;
			productType = "com.apple.product-type.application";
		};
/* End PBXNativeTarget section */

/* Begin PBXProject section */
		B9C23F832CD78A5C00254F3F /* Project object */ = {
			isa = PBXProject;
			attributes = {
				BuildIndependentTargetsInParallel = 1;
				LastSwiftUpdateCheck = 1420;
				LastUpgradeCheck = 1420;
				TargetAttributes = {
					B9C23F8A2CD78A5C00254F3F = {
						CreatedOnToolsVersion = 14.2;
					};
				};
			};
			buildConfigurationList = B9C23F862CD78A5C00254F3F /* Build configuration list for PBXProject "OnboardMe" */;
			compatibilityVersion = "Xcode 14.0";
			developmentRegion = en;
			hasScannedForEncodings = 0;
			knownRegions = (
				en,
				Base,
			);
			mainGroup = B9C23F822CD78A5C00254F3F;
			productRefGroup = B9C23F8C2CD78A5C00254F3F /* Products */;
			projectDirPath = "";
			projectRoot = "";
			targets = (
				B9C23F8A2CD78A5C00254F3F /* OnboardMe */,
			);
		};
/* End PBXProject section */

/* Begin PBXResourcesBuildPhase section */
		B9C23F892CD78A5C00254F3F /* Resources */ = {
			isa = PBXResourcesBuildPhase;
			buildActionMask = 2147483647;
			files = (
				B9C23F962CD78A5E00254F3F /* Preview Assets.xcassets in Resources */,
				B9C23F932CD78A5E00254F3F /* Assets.xcassets in Resources */,
			);
			runOnlyForDeploymentPostprocessing = 0;
		};
/* End PBXResourcesBuildPhase section */

/* Begin PBXSourcesBuildPhase section */
		B9C23F872CD78A5C00254F3F /* Sources */ = {
			isa = PBXSourcesBuildPhase;
			buildActionMask = 2147483647;
			files = (
				B9EC1DCF2D1EF6EE0037D55E /* ForgotPasswordVerificationView.swift in Sources */,
				B9C23F912CD78A5C00254F3F /* SignInView.swift in Sources */,
				B9FFA5562D1C6E45005BE9E9 /* ForgotPasswordSuccessView.swift in Sources */,
				B9C23F8F2CD78A5C00254F3F /* TestApp.swift in Sources */,
				B9EC1DD12D1EFF230037D55E /* WelcomeView.swift in Sources */,
				B9A762642D1BC305007EA658 /* CreateAccountView.swift in Sources */,
				B9437ADA2D13EFDB004AB443 /* ForgotPasswordView.swift in Sources */,
			);
			runOnlyForDeploymentPostprocessing = 0;
		};
/* End PBXSourcesBuildPhase section */

/* Begin XCBuildConfiguration section */
		B9C23F972CD78A5E00254F3F /* Debug */ = {
			isa = XCBuildConfiguration;
			buildSettings = {
				ALWAYS_SEARCH_USER_PATHS = NO;
				CLANG_ANALYZER_NONNULL = YES;
				CLANG_ANALYZER_NUMBER_OBJECT_CONVERSION = YES_AGGRESSIVE;
				CLANG_CXX_LANGUAGE_STANDARD = "gnu++20";
				CLANG_ENABLE_MODULES = YES;
				CLANG_ENABLE_OBJC_ARC = YES;
				CLANG_ENABLE_OBJC_WEAK = YES;
				CLANG_WARN_BLOCK_CAPTURE_AUTORELEASING = YES;
				CLANG_WARN_BOOL_CONVERSION = YES;
				CLANG_WARN_COMMA = YES;
				CLANG_WARN_CONSTANT_CONVERSION = YES;
				CLANG_WARN_DEPRECATED_OBJC_IMPLEMENTATIONS = YES;
				CLANG_WARN_DIRECT_OBJC_ISA_USAGE = YES_ERROR;
				CLANG_WARN_DOCUMENTATION_COMMENTS = YES;
				CLANG_WARN_EMPTY_BODY = YES;
				CLANG_WARN_ENUM_CONVERSION = YES;
				CLANG_WARN_INFINITE_RECURSION = YES;
				CLANG_WARN_INT_CONVERSION = YES;
				CLANG_WARN_NON_LITERAL_NULL_CONVERSION = YES;
				CLANG_WARN_OBJC_IMPLICIT_RETAIN_SELF = YES;
				CLANG_WARN_OBJC_LITERAL_CONVERSION = YES;
				CLANG_WARN_OBJC_ROOT_CLASS = YES_ERROR;
				CLANG_WARN_QUOTED_INCLUDE_IN_FRAMEWORK_HEADER = YES;
				CLANG_WARN_RANGE_LOOP_ANALYSIS = YES;
				CLANG_WARN_STRICT_PROTOTYPES = YES;
				CLANG_WARN_SUSPICIOUS_MOVE = YES;
				CLANG_WARN_UNGUARDED_AVAILABILITY = YES_AGGRESSIVE;
				CLANG_WARN_UNREACHABLE_CODE = YES;
				CLANG_WARN__DUPLICATE_METHOD_MATCH = YES;
				COPY_PHASE_STRIP = NO;
				DEBUG_INFORMATION_FORMAT = dwarf;
				ENABLE_STRICT_OBJC_MSGSEND = YES;
				ENABLE_TESTABILITY = YES;
				GCC_C_LANGUAGE_STANDARD = gnu11;
				GCC_DYNAMIC_NO_PIC = NO;
				GCC_NO_COMMON_BLOCKS = YES;
				GCC_OPTIMIZATION_LEVEL = 0;
				GCC_PREPROCESSOR_DEFINITIONS = (
					"DEBUG=1",
					"$(inherited)",
				);
				GCC_WARN_64_TO_32_BIT_CONVERSION = YES;
				GCC_WARN_ABOUT_RETURN_TYPE = YES_ERROR;
				GCC_WARN_UNDECLARED_SELECTOR = YES;
				GCC_WARN_UNINITIALIZED_AUTOS = YES_AGGRESSIVE;
				GCC_WARN_UNUSED_FUNCTION = YES;
				GCC_WARN_UNUSED_VARIABLE = YES;
				IPHONEOS_DEPLOYMENT_TARGET = 16.2;
				MTL_ENABLE_DEBUG_INFO = INCLUDE_SOURCE;
				MTL_FAST_MATH = YES;
				ONLY_ACTIVE_ARCH = YES;
				SDKROOT = iphoneos;
				SWIFT_ACTIVE_COMPILATION_CONDITIONS = DEBUG;
				SWIFT_OPTIMIZATION_LEVEL = "-Onone";
			};
			name = Debug;
		};
		B9C23F982CD78A5E00254F3F /* Release */ = {
			isa = XCBuildConfiguration;
			buildSettings = {
				ALWAYS_SEARCH_USER_PATHS = NO;
				CLANG_ANALYZER_NONNULL = YES;
				CLANG_ANALYZER_NUMBER_OBJECT_CONVERSION = YES_AGGRESSIVE;
				CLANG_CXX_LANGUAGE_STANDARD = "gnu++20";
				CLANG_ENABLE_MODULES = YES;
				CLANG_ENABLE_OBJC_ARC = YES;
				CLANG_ENABLE_OBJC_WEAK = YES;
				CLANG_WARN_BLOCK_CAPTURE_AUTORELEASING = YES;
				CLANG_WARN_BOOL_CONVERSION = YES;
				CLANG_WARN_COMMA = YES;
				CLANG_WARN_CONSTANT_CONVERSION = YES;
				CLANG_WARN_DEPRECATED_OBJC_IMPLEMENTATIONS = YES;
				CLANG_WARN_DIRECT_OBJC_ISA_USAGE = YES_ERROR;
				CLANG_WARN_DOCUMENTATION_COMMENTS = YES;
				CLANG_WARN_EMPTY_BODY = YES;
				CLANG_WARN_ENUM_CONVERSION = YES;
				CLANG_WARN_INFINITE_RECURSION = YES;
				CLANG_WARN_INT_CONVERSION = YES;
				CLANG_WARN_NON_LITERAL_NULL_CONVERSION = YES;
				CLANG_WARN_OBJC_IMPLICIT_RETAIN_SELF = YES;
				CLANG_WARN_OBJC_LITERAL_CONVERSION = YES;
				CLANG_WARN_OBJC_ROOT_CLASS = YES_ERROR;
				CLANG_WARN_QUOTED_INCLUDE_IN_FRAMEWORK_HEADER = YES;
				CLANG_WARN_RANGE_LOOP_ANALYSIS = YES;
				CLANG_WARN_STRICT_PROTOTYPES = YES;
				CLANG_WARN_SUSPICIOUS_MOVE = YES;
				CLANG_WARN_UNGUARDED_AVAILABILITY = YES_AGGRESSIVE;
				CLANG_WARN_UNREACHABLE_CODE = YES;
				CLANG_WARN__DUPLICATE_METHOD_MATCH = YES;
				COPY_PHASE_STRIP = NO;
				DEBUG_INFORMATION_FORMAT = "dwarf-with-dsym";
				ENABLE_NS_ASSERTIONS = NO;
				ENABLE_STRICT_OBJC_MSGSEND = YES;
				GCC_C_LANGUAGE_STANDARD = gnu11;
				GCC_NO_COMMON_BLOCKS = YES;
				GCC_WARN_64_TO_32_BIT_CONVERSION = YES;
				GCC_WARN_ABOUT_RETURN_TYPE = YES_ERROR;
				GCC_WARN_UNDECLARED_SELECTOR = YES;
				GCC_WARN_UNINITIALIZED_AUTOS = YES_AGGRESSIVE;
				GCC_WARN_UNUSED_FUNCTION = YES;
				GCC_WARN_UNUSED_VARIABLE = YES;
				IPHONEOS_DEPLOYMENT_TARGET = 16.2;
				MTL_ENABLE_DEBUG_INFO = NO;
				MTL_FAST_MATH = YES;
				SDKROOT = iphoneos;
				SWIFT_COMPILATION_MODE = wholemodule;
				SWIFT_OPTIMIZATION_LEVEL = "-O";
				VALIDATE_PRODUCT = YES;
			};
			name = Release;
		};
		B9C23F9A2CD78A5E00254F3F /* Debug */ = {
			isa = XCBuildConfiguration;
			buildSettings = {
				ASSETCATALOG_COMPILER_APPICON_NAME = AppIcon;
				ASSETCATALOG_COMPILER_GLOBAL_ACCENT_COLOR_NAME = AccentColor;
				CODE_SIGN_STYLE = Automatic;
				CURRENT_PROJECT_VERSION = 1;
				DEVELOPMENT_ASSET_PATHS = "\"Test/Preview Content\"";
				ENABLE_PREVIEWS = YES;
				GENERATE_INFOPLIST_FILE = YES;
				INFOPLIST_KEY_UIApplicationSceneManifest_Generation = YES;
				INFOPLIST_KEY_UIApplicationSupportsIndirectInputEvents = YES;
				INFOPLIST_KEY_UILaunchScreen_Generation = YES;
				INFOPLIST_KEY_UISupportedInterfaceOrientations_iPad = "UIInterfaceOrientationPortrait UIInterfaceOrientationPortraitUpsideDown UIInterfaceOrientationLandscapeLeft UIInterfaceOrientationLandscapeRight";
				INFOPLIST_KEY_UISupportedInterfaceOrientations_iPhone = "UIInterfaceOrientationPortrait UIInterfaceOrientationLandscapeLeft UIInterfaceOrientationLandscapeRight";
				LD_RUNPATH_SEARCH_PATHS = (
					"$(inherited)",
					"@executable_path/Frameworks",
				);
				MARKETING_VERSION = 1.0;
				PRODUCT_BUNDLE_IDENTIFIER = BasicConcepte.Test;
				PRODUCT_NAME = "$(TARGET_NAME)";
				SWIFT_EMIT_LOC_STRINGS = YES;
				SWIFT_VERSION = 5.0;
				TARGETED_DEVICE_FAMILY = "1,2";
			};
			name = Debug;
		};
		B9C23F9B2CD78A5E00254F3F /* Release */ = {
			isa = XCBuildConfiguration;
			buildSettings = {
				ASSETCATALOG_COMPILER_APPICON_NAME = AppIcon;
				ASSETCATALOG_COMPILER_GLOBAL_ACCENT_COLOR_NAME = AccentColor;
				CODE_SIGN_STYLE = Automatic;
				CURRENT_PROJECT_VERSION = 1;
				DEVELOPMENT_ASSET_PATHS = "\"Test/Preview Content\"";
				ENABLE_PREVIEWS = YES;
				GENERATE_INFOPLIST_FILE = YES;
				INFOPLIST_KEY_UIApplicationSceneManifest_Generation = YES;
				INFOPLIST_KEY_UIApplicationSupportsIndirectInputEvents = YES;
				INFOPLIST_KEY_UILaunchScreen_Generation = YES;
				INFOPLIST_KEY_UISupportedInterfaceOrientations_iPad = "UIInterfaceOrientationPortrait UIInterfaceOrientationPortraitUpsideDown UIInterfaceOrientationLandscapeLeft UIInterfaceOrientationLandscapeRight";
				INFOPLIST_KEY_UISupportedInterfaceOrientations_iPhone = "UIInterfaceOrientationPortrait UIInterfaceOrientationLandscapeLeft UIInterfaceOrientationLandscapeRight";
				LD_RUNPATH_SEARCH_PATHS = (
					"$(inherited)",
					"@executable_path/Frameworks",
				);
				MARKETING_VERSION = 1.0;
				PRODUCT_BUNDLE_IDENTIFIER = BasicConcepte.Test;
				PRODUCT_NAME = "$(TARGET_NAME)";
				SWIFT_EMIT_LOC_STRINGS = YES;
				SWIFT_VERSION = 5.0;
				TARGETED_DEVICE_FAMILY = "1,2";
			};
			name = Release;
		};
/* End XCBuildConfiguration section */

/* Begin XCConfigurationList section */
		B9C23F862CD78A5C00254F3F /* Build configuration list for PBXProject "OnboardMe" */ = {
			isa = XCConfigurationList;
			buildConfigurations = (
				B9C23F972CD78A5E00254F3F /* Debug */,
				B9C23F982CD78A5E00254F3F /* Release */,
			);
			defaultConfigurationIsVisible = 0;
			defaultConfigurationName = Release;
		};
		B9C23F992CD78A5E00254F3F /* Build configuration list for PBXNativeTarget "OnboardMe" */ = {
			isa = XCConfigurationList;
			buildConfigurations = (
				B9C23F9A2CD78A5E00254F3F /* Debug */,
				B9C23F9B2CD78A5E00254F3F /* Release */,
			);
			defaultConfigurationIsVisible = 0;
			defaultConfigurationName = Release;
		};
/* End XCConfigurationList section */
	};
	rootObject = B9C23F832CD78A5C00254F3F /* Project object */;
}
